Microsoft Visual Studio Solution File, Format Version 12.00
# Visual Studio Version 17
VisualStudioVersion = 17.5.2.0
MinimumVisualStudioVersion = 10.0.40219.1
Project("{FAE04EC0-301F-11D3-BF4B-00C04F79EFBC}") = "CalculadoraV2.0", "CalculadoraV2.0.csproj", "{B44AB228-70F0-5859-9513-7E3B80E13916}"
EndProject
Global
	GlobalSection(SolutionConfigurationPlatforms) = preSolution
		Debug|Any CPU = Debug|Any CPU
		Release|Any CPU = Release|Any CPU
	EndGlobalSection
	GlobalSection(ProjectConfigurationPlatforms) = postSolution
		{B44AB228-70F0-5859-9513-7E3B80E13916}.Debug|Any CPU.ActiveCfg = Debug|Any CPU
		{B44AB228-70F0-5859-9513-7E3B80E13916}.Debug|Any CPU.Build.0 = Debug|Any CPU
		{B44AB228-70F0-5859-9513-7E3B80E13916}.Release|Any CPU.ActiveCfg = Release|Any CPU
		{B44AB228-70F0-5859-9513-7E3B80E13916}.Release|Any CPU.Build.0 = Release|Any CPU
	EndGlobalSection
	GlobalSection(SolutionProperties) = preSolution
		HideSolutionNode = FALSE
	EndGlobalSection
	GlobalSection(ExtensibilityGlobals) = postSolution
		SolutionGuid = {574B01C5-C202-4C99-B573-55B7802985C5}
	EndGlobalSection
EndGlobal
